
Microsoft Visual Studio Solution File, Format Version 12.00
# Visual Studio Version 17
VisualStudioVersion = 17.0.31903.59
MinimumVisualStudioVersion = 10.0.40219.1
Project("{2150E333-8FDC-42A3-9474-1A3956D46DE8}") = "src", "src", "{2B1330CA-36C4-4695-8481-9CF40E0C6B48}"
EndProject
Project("{FAE04EC0-301F-11D3-BF4B-00C04F79EFBC}") = "AuctionService", "src\AuctionService\AuctionService.csproj", "{85B45B66-5913-4CA3-B7DA-D28656A1366A}"
EndProject
Project("{FAE04EC0-301F-11D3-BF4B-00C04F79EFBC}") = "SearchService", "src\SearchService\SearchService.csproj", "{F4A8362A-F858-4CE3-9F19-543F3A5B050D}"
EndProject
Project("{FAE04EC0-301F-11D3-BF4B-00C04F79EFBC}") = "Contracts", "src\Contracts\Contracts.csproj", "{3547A5DC-E22D-473C-9198-697F44D0E546}"
EndProject
Project("{FAE04EC0-301F-11D3-BF4B-00C04F79EFBC}") = "IdentityService", "src\IdentityService\IdentityService.csproj", "{1C2449AE-23BA-4C87-B9E8-45A59BCFE3AD}"
EndProject
Project("{FAE04EC0-301F-11D3-BF4B-00C04F79EFBC}") = "GatewayService", "src\GatewayService\GatewayService.csproj", "{931F99EB-265B-4E93-A005-CE1B10BE5599}"
EndProject
Project("{FAE04EC0-301F-11D3-BF4B-00C04F79EFBC}") = "BiddingService", "src\BiddingService\BiddingService.csproj", "{68170838-500F-4556-86EA-0E443541CC49}"
EndProject
Project("{FAE04EC0-301F-11D3-BF4B-00C04F79EFBC}") = "NotificationService", "src\NotificationService\NotificationService.csproj", "{23806DF3-8B96-40C5-900C-2551496B5840}"
EndProject
Project("{2150E333-8FDC-42A3-9474-1A3956D46DE8}") = "tests", "tests", "{E07BF088-CA42-4F58-ABEA-1594A4CE3DFD}"
EndProject
Project("{FAE04EC0-301F-11D3-BF4B-00C04F79EFBC}") = "AuctionService.UnitTests", "tests\AuctionService.UnitTests\AuctionService.UnitTests.csproj", "{54A4384B-CF6C-4C58-A8DE-75531E05A78C}"
EndProject
Project("{FAE04EC0-301F-11D3-BF4B-00C04F79EFBC}") = "AuctionService.IntegrationTests", "tests\AuctionService.IntegrationTests\AuctionService.IntegrationTests.csproj", "{08286E91-DEB5-4976-8BC1-79E247ED7EE0}"
EndProject
Global
	GlobalSection(SolutionConfigurationPlatforms) = preSolution
		Debug|Any CPU = Debug|Any CPU
		Release|Any CPU = Release|Any CPU
	EndGlobalSection
	GlobalSection(SolutionProperties) = preSolution
		HideSolutionNode = FALSE
	EndGlobalSection
	GlobalSection(ProjectConfigurationPlatforms) = postSolution
		{85B45B66-5913-4CA3-B7DA-D28656A1366A}.Debug|Any CPU.ActiveCfg = Debug|Any CPU
		{85B45B66-5913-4CA3-B7DA-D28656A1366A}.Debug|Any CPU.Build.0 = Debug|Any CPU
		{85B45B66-5913-4CA3-B7DA-D28656A1366A}.Release|Any CPU.ActiveCfg = Release|Any CPU
		{85B45B66-5913-4CA3-B7DA-D28656A1366A}.Release|Any CPU.Build.0 = Release|Any CPU
		{F4A8362A-F858-4CE3-9F19-543F3A5B050D}.Debug|Any CPU.ActiveCfg = Debug|Any CPU
		{F4A8362A-F858-4CE3-9F19-543F3A5B050D}.Debug|Any CPU.Build.0 = Debug|Any CPU
		{F4A8362A-F858-4CE3-9F19-543F3A5B050D}.Release|Any CPU.ActiveCfg = Release|Any CPU
		{F4A8362A-F858-4CE3-9F19-543F3A5B050D}.Release|Any CPU.Build.0 = Release|Any CPU
		{3547A5DC-E22D-473C-9198-697F44D0E546}.Debug|Any CPU.ActiveCfg = Debug|Any CPU
		{3547A5DC-E22D-473C-9198-697F44D0E546}.Debug|Any CPU.Build.0 = Debug|Any CPU
		{3547A5DC-E22D-473C-9198-697F44D0E546}.Release|Any CPU.ActiveCfg = Release|Any CPU
		{3547A5DC-E22D-473C-9198-697F44D0E546}.Release|Any CPU.Build.0 = Release|Any CPU
		{1C2449AE-23BA-4C87-B9E8-45A59BCFE3AD}.Debug|Any CPU.ActiveCfg = Debug|Any CPU
		{1C2449AE-23BA-4C87-B9E8-45A59BCFE3AD}.Debug|Any CPU.Build.0 = Debug|Any CPU
		{1C2449AE-23BA-4C87-B9E8-45A59BCFE3AD}.Release|Any CPU.ActiveCfg = Release|Any CPU
		{1C2449AE-23BA-4C87-B9E8-45A59BCFE3AD}.Release|Any CPU.Build.0 = Release|Any CPU
		{931F99EB-265B-4E93-A005-CE1B10BE5599}.Debug|Any CPU.ActiveCfg = Debug|Any CPU
		{931F99EB-265B-4E93-A005-CE1B10BE5599}.Debug|Any CPU.Build.0 = Debug|Any CPU
		{931F99EB-265B-4E93-A005-CE1B10BE5599}.Release|Any CPU.ActiveCfg = Release|Any CPU
		{931F99EB-265B-4E93-A005-CE1B10BE5599}.Release|Any CPU.Build.0 = Release|Any CPU
		{68170838-500F-4556-86EA-0E443541CC49}.Debug|Any CPU.ActiveCfg = Debug|Any CPU
		{68170838-500F-4556-86EA-0E443541CC49}.Debug|Any CPU.Build.0 = Debug|Any CPU
		{68170838-500F-4556-86EA-0E443541CC49}.Release|Any CPU.ActiveCfg = Release|Any CPU
		{68170838-500F-4556-86EA-0E443541CC49}.Release|Any CPU.Build.0 = Release|Any CPU
		{23806DF3-8B96-40C5-900C-2551496B5840}.Debug|Any CPU.ActiveCfg = Debug|Any CPU
		{23806DF3-8B96-40C5-900C-2551496B5840}.Debug|Any CPU.Build.0 = Debug|Any CPU
		{23806DF3-8B96-40C5-900C-2551496B5840}.Release|Any CPU.ActiveCfg = Release|Any CPU
		{23806DF3-8B96-40C5-900C-2551496B5840}.Release|Any CPU.Build.0 = Release|Any CPU
		{54A4384B-CF6C-4C58-A8DE-75531E05A78C}.Debug|Any CPU.ActiveCfg = Debug|Any CPU
		{54A4384B-CF6C-4C58-A8DE-75531E05A78C}.Debug|Any CPU.Build.0 = Debug|Any CPU
		{54A4384B-CF6C-4C58-A8DE-75531E05A78C}.Release|Any CPU.ActiveCfg = Release|Any CPU
		{54A4384B-CF6C-4C58-A8DE-75531E05A78C}.Release|Any CPU.Build.0 = Release|Any CPU
		{08286E91-DEB5-4976-8BC1-79E247ED7EE0}.Debug|Any CPU.ActiveCfg = Debug|Any CPU
		{08286E91-DEB5-4976-8BC1-79E247ED7EE0}.Debug|Any CPU.Build.0 = Debug|Any CPU
		{08286E91-DEB5-4976-8BC1-79E247ED7EE0}.Release|Any CPU.ActiveCfg = Release|Any CPU
		{08286E91-DEB5-4976-8BC1-79E247ED7EE0}.Release|Any CPU.Build.0 = Release|Any CPU
	EndGlobalSection
	GlobalSection(NestedProjects) = preSolution
		{85B45B66-5913-4CA3-B7DA-D28656A1366A} = {2B1330CA-36C4-4695-8481-9CF40E0C6B48}
		{F4A8362A-F858-4CE3-9F19-543F3A5B050D} = {2B1330CA-36C4-4695-8481-9CF40E0C6B48}
		{3547A5DC-E22D-473C-9198-697F44D0E546} = {2B1330CA-36C4-4695-8481-9CF40E0C6B48}
		{1C2449AE-23BA-4C87-B9E8-45A59BCFE3AD} = {2B1330CA-36C4-4695-8481-9CF40E0C6B48}
		{931F99EB-265B-4E93-A005-CE1B10BE5599} = {2B1330CA-36C4-4695-8481-9CF40E0C6B48}
		{68170838-500F-4556-86EA-0E443541CC49} = {2B1330CA-36C4-4695-8481-9CF40E0C6B48}
		{23806DF3-8B96-40C5-900C-2551496B5840} = {2B1330CA-36C4-4695-8481-9CF40E0C6B48}
		{54A4384B-CF6C-4C58-A8DE-75531E05A78C} = {E07BF088-CA42-4F58-ABEA-1594A4CE3DFD}
		{08286E91-DEB5-4976-8BC1-79E247ED7EE0} = {E07BF088-CA42-4F58-ABEA-1594A4CE3DFD}
	EndGlobalSection
EndGlobal
